
Microsoft Visual Studio Solution File, Format Version 12.00
# Visual Studio Version 17
VisualStudioVersion = 17.13.35913.81
MinimumVisualStudioVersion = 10.0.40219.1
Project("{2150E333-8FDC-42A3-9474-1A3956D46DE8}") = "Solution Items", "Solution Items", "{8EC462FD-D22E-90A8-E5CE-7E832BA40C5D}"
	ProjectSection(SolutionItems) = preProject
		.dockerignore = .dockerignore
		.gitattributes = .gitattributes
		.gitignore = .gitignore
		instructions.md = instructions.md
		.github\workflows\main.yml = .github\workflows\main.yml
		README.md = README.md
	EndProjectSection
EndProject
Project("{FAE04EC0-301F-11D3-BF4B-00C04F79EFBC}") = "CTTExercise.WebApi", "src\CTTExercise.WebApi\CTTExercise.WebApi.csproj", "{7514DD56-4061-4253-B7A8-0E17FF82851D}"
EndProject
Project("{FAE04EC0-301F-11D3-BF4B-00C04F79EFBC}") = "CTTExercise.Domain", "src\CTTExercise.Domain\CTTExercise.Domain.csproj", "{67537783-2827-4041-A571-5E5BFFE0182B}"
EndProject
Project("{FAE04EC0-301F-11D3-BF4B-00C04F79EFBC}") = "CTTExercise.Persistence", "src\CTTExercise.Persistence\CTTExercise.Persistence.csproj", "{3E02CB38-1D5B-4AAC-9DCA-790D776FF9FC}"
EndProject
Project("{2150E333-8FDC-42A3-9474-1A3956D46DE8}") = "src", "src", "{02EA681E-C7D8-13C7-8484-4AC65E1B71E8}"
EndProject
Project("{2150E333-8FDC-42A3-9474-1A3956D46DE8}") = "tests", "tests", "{F5F63937-65F5-40B3-A73A-3112088458ED}"
EndProject
Project("{FAE04EC0-301F-11D3-BF4B-00C04F79EFBC}") = "CTTExercise.Tests", "tests\CTTExercise.Tests\CTTExercise.Tests.csproj", "{D6004937-5461-4DF4-A2C7-37CCCF77A521}"
EndProject
Project("{FAE04EC0-301F-11D3-BF4B-00C04F79EFBC}") = "CTTExercise.Shared", "src\CTTExercise.Shared\CTTExercise.Shared.csproj", "{E78650C4-BA76-49C7-BC72-DD96D917BCF2}"
EndProject
Global
	GlobalSection(SolutionConfigurationPlatforms) = preSolution
		Debug|Any CPU = Debug|Any CPU
		Release|Any CPU = Release|Any CPU
	EndGlobalSection
	GlobalSection(ProjectConfigurationPlatforms) = postSolution
		{7514DD56-4061-4253-B7A8-0E17FF82851D}.Debug|Any CPU.ActiveCfg = Debug|Any CPU
		{7514DD56-4061-4253-B7A8-0E17FF82851D}.Debug|Any CPU.Build.0 = Debug|Any CPU
		{7514DD56-4061-4253-B7A8-0E17FF82851D}.Release|Any CPU.ActiveCfg = Release|Any CPU
		{7514DD56-4061-4253-B7A8-0E17FF82851D}.Release|Any CPU.Build.0 = Release|Any CPU
		{67537783-2827-4041-A571-5E5BFFE0182B}.Debug|Any CPU.ActiveCfg = Debug|Any CPU
		{67537783-2827-4041-A571-5E5BFFE0182B}.Debug|Any CPU.Build.0 = Debug|Any CPU
		{67537783-2827-4041-A571-5E5BFFE0182B}.Release|Any CPU.ActiveCfg = Release|Any CPU
		{67537783-2827-4041-A571-5E5BFFE0182B}.Release|Any CPU.Build.0 = Release|Any CPU
		{3E02CB38-1D5B-4AAC-9DCA-790D776FF9FC}.Debug|Any CPU.ActiveCfg = Debug|Any CPU
		{3E02CB38-1D5B-4AAC-9DCA-790D776FF9FC}.Debug|Any CPU.Build.0 = Debug|Any CPU
		{3E02CB38-1D5B-4AAC-9DCA-790D776FF9FC}.Release|Any CPU.ActiveCfg = Release|Any CPU
		{3E02CB38-1D5B-4AAC-9DCA-790D776FF9FC}.Release|Any CPU.Build.0 = Release|Any CPU
		{D6004937-5461-4DF4-A2C7-37CCCF77A521}.Debug|Any CPU.ActiveCfg = Debug|Any CPU
		{D6004937-5461-4DF4-A2C7-37CCCF77A521}.Debug|Any CPU.Build.0 = Debug|Any CPU
		{D6004937-5461-4DF4-A2C7-37CCCF77A521}.Release|Any CPU.ActiveCfg = Release|Any CPU
		{D6004937-5461-4DF4-A2C7-37CCCF77A521}.Release|Any CPU.Build.0 = Release|Any CPU
		{E78650C4-BA76-49C7-BC72-DD96D917BCF2}.Debug|Any CPU.ActiveCfg = Debug|Any CPU
		{E78650C4-BA76-49C7-BC72-DD96D917BCF2}.Debug|Any CPU.Build.0 = Debug|Any CPU
		{E78650C4-BA76-49C7-BC72-DD96D917BCF2}.Release|Any CPU.ActiveCfg = Release|Any CPU
		{E78650C4-BA76-49C7-BC72-DD96D917BCF2}.Release|Any CPU.Build.0 = Release|Any CPU
	EndGlobalSection
	GlobalSection(SolutionProperties) = preSolution
		HideSolutionNode = FALSE
	EndGlobalSection
	GlobalSection(NestedProjects) = preSolution
		{7514DD56-4061-4253-B7A8-0E17FF82851D} = {02EA681E-C7D8-13C7-8484-4AC65E1B71E8}
		{67537783-2827-4041-A571-5E5BFFE0182B} = {02EA681E-C7D8-13C7-8484-4AC65E1B71E8}
		{3E02CB38-1D5B-4AAC-9DCA-790D776FF9FC} = {02EA681E-C7D8-13C7-8484-4AC65E1B71E8}
		{D6004937-5461-4DF4-A2C7-37CCCF77A521} = {F5F63937-65F5-40B3-A73A-3112088458ED}
		{E78650C4-BA76-49C7-BC72-DD96D917BCF2} = {02EA681E-C7D8-13C7-8484-4AC65E1B71E8}
	EndGlobalSection
	GlobalSection(ExtensibilityGlobals) = postSolution
		SolutionGuid = {526D0F48-D750-49B8-9E51-5946ED282772}
	EndGlobalSection
EndGlobal
